
Microsoft Visual Studio Solution File, Format Version 12.00
# Visual Studio Version 17
VisualStudioVersion = 17.2.32630.192
MinimumVisualStudioVersion = 10.0.40219.1
Project("{9A19103F-16F7-4668-BE54-9A1E7A4F7556}") = "S3UploadLambda", "S3UploadLambda\S3UploadLambda.csproj", "{C2BAE865-2538-4737-A1F2-925EB12F7456}"
EndProject
Global
	GlobalSection(SolutionConfigurationPlatforms) = preSolution
		Debug|Any CPU = Debug|Any CPU
		Release|Any CPU = Release|Any CPU
	EndGlobalSection
	GlobalSection(ProjectConfigurationPlatforms) = postSolution
		{C2BAE865-2538-4737-A1F2-925EB12F7456}.Debug|Any CPU.ActiveCfg = Debug|Any CPU
		{C2BAE865-2538-4737-A1F2-925EB12F7456}.Debug|Any CPU.Build.0 = Debug|Any CPU
		{C2BAE865-2538-4737-A1F2-925EB12F7456}.Release|Any CPU.ActiveCfg = Release|Any CPU
		{C2BAE865-2538-4737-A1F2-925EB12F7456}.Release|Any CPU.Build.0 = Release|Any CPU
	EndGlobalSection
	GlobalSection(SolutionProperties) = preSolution
		HideSolutionNode = FALSE
	EndGlobalSection
	GlobalSection(ExtensibilityGlobals) = postSolution
		SolutionGuid = {1E0431FB-DDD0-4AC3-9283-FFD7E421D6B8}
	EndGlobalSection
EndGlobal
